
Microsoft Visual Studio Solution File, Format Version 12.00
# Visual Studio Version 17
VisualStudioVersion = 17.4.33213.308
MinimumVisualStudioVersion = 10.0.40219.1
Project("{FAE04EC0-301F-11D3-BF4B-00C04F79EFBC}") = "BTCN", "BTCN\BTCN.csproj", "{8F26941E-9899-434B-AAE2-E489A11E4EB6}"
EndProject
Global
	GlobalSection(SolutionConfigurationPlatforms) = preSolution
		Debug|Any CPU = Debug|Any CPU
		Release|Any CPU = Release|Any CPU
	EndGlobalSection
	GlobalSection(ProjectConfigurationPlatforms) = postSolution
		{8F26941E-9899-434B-AAE2-E489A11E4EB6}.Debug|Any CPU.ActiveCfg = Debug|Any CPU
		{8F26941E-9899-434B-AAE2-E489A11E4EB6}.Debug|Any CPU.Build.0 = Debug|Any CPU
		{8F26941E-9899-434B-AAE2-E489A11E4EB6}.Release|Any CPU.ActiveCfg = Release|Any CPU
		{8F26941E-9899-434B-AAE2-E489A11E4EB6}.Release|Any CPU.Build.0 = Release|Any CPU
	EndGlobalSection
	GlobalSection(SolutionProperties) = preSolution
		HideSolutionNode = FALSE
	EndGlobalSection
	GlobalSection(ExtensibilityGlobals) = postSolution
		SolutionGuid = {E8DEF456-DB60-48BF-AEA7-7EE9DCA8B7C1}
	EndGlobalSection
EndGlobal
